
Microsoft Visual Studio Solution File, Format Version 12.00
# Visual Studio 15
Project("{FAE04EC0-301F-11D3-BF4B-00C04F79EFBC}") = "Assembly-CSharp", "Assembly-CSharp.csproj", "{F4A70B4A-D7DA-0EFB-56A8-AFA548CA76A3}"
EndProject
Project("{FAE04EC0-301F-11D3-BF4B-00C04F79EFBC}") = "Assembly-CSharp-firstpass", "Assembly-CSharp-firstpass.csproj", "{3E71BA86-D6CB-7AF1-687E-E5E2A6C062B5}"
EndProject
Project("{FAE04EC0-301F-11D3-BF4B-00C04F79EFBC}") = "Assembly-CSharp-Editor-firstpass", "Assembly-CSharp-Editor-firstpass.csproj", "{F61F8D07-3A23-5B0B-2C3D-B716CA8FA4C9}"
EndProject
Global
	GlobalSection(SolutionConfigurationPlatforms) = preSolution
		Debug|Any CPU = Debug|Any CPU
		Release|Any CPU = Release|Any CPU
	EndGlobalSection
	GlobalSection(ProjectConfigurationPlatforms) = postSolution
		{F4A70B4A-D7DA-0EFB-56A8-AFA548CA76A3}.Debug|Any CPU.ActiveCfg = Debug|Any CPU
		{F4A70B4A-D7DA-0EFB-56A8-AFA548CA76A3}.Debug|Any CPU.Build.0 = Debug|Any CPU
		{F4A70B4A-D7DA-0EFB-56A8-AFA548CA76A3}.Release|Any CPU.ActiveCfg = Release|Any CPU
		{F4A70B4A-D7DA-0EFB-56A8-AFA548CA76A3}.Release|Any CPU.Build.0 = Release|Any CPU
		{3E71BA86-D6CB-7AF1-687E-E5E2A6C062B5}.Debug|Any CPU.ActiveCfg = Debug|Any CPU
		{3E71BA86-D6CB-7AF1-687E-E5E2A6C062B5}.Debug|Any CPU.Build.0 = Debug|Any CPU
		{3E71BA86-D6CB-7AF1-687E-E5E2A6C062B5}.Release|Any CPU.ActiveCfg = Release|Any CPU
		{3E71BA86-D6CB-7AF1-687E-E5E2A6C062B5}.Release|Any CPU.Build.0 = Release|Any CPU
		{F61F8D07-3A23-5B0B-2C3D-B716CA8FA4C9}.Debug|Any CPU.ActiveCfg = Debug|Any CPU
		{F61F8D07-3A23-5B0B-2C3D-B716CA8FA4C9}.Debug|Any CPU.Build.0 = Debug|Any CPU
		{F61F8D07-3A23-5B0B-2C3D-B716CA8FA4C9}.Release|Any CPU.ActiveCfg = Release|Any CPU
		{F61F8D07-3A23-5B0B-2C3D-B716CA8FA4C9}.Release|Any CPU.Build.0 = Release|Any CPU
	EndGlobalSection
	GlobalSection(SolutionProperties) = preSolution
		HideSolutionNode = FALSE
	EndGlobalSection
EndGlobal
